
Microsoft Visual Studio Solution File, Format Version 12.00
# Visual Studio Version 17
VisualStudioVersion = 17.10.35027.167
MinimumVisualStudioVersion = 10.0.40219.1
Project("{FAE04EC0-301F-11D3-BF4B-00C04F79EFBC}") = "SnakeCaseUpdate", "SnakeCaseUpdate.csproj", "{33861A54-99CC-40D1-B4D0-3C8A3A8CF45A}"
EndProject
Global
	GlobalSection(SolutionConfigurationPlatforms) = preSolution
		Debug|Any CPU = Debug|Any CPU
		Release|Any CPU = Release|Any CPU
	EndGlobalSection
	GlobalSection(ProjectConfigurationPlatforms) = postSolution
		{33861A54-99CC-40D1-B4D0-3C8A3A8CF45A}.Debug|Any CPU.ActiveCfg = Debug|Any CPU
		{33861A54-99CC-40D1-B4D0-3C8A3A8CF45A}.Debug|Any CPU.Build.0 = Debug|Any CPU
		{33861A54-99CC-40D1-B4D0-3C8A3A8CF45A}.Release|Any CPU.ActiveCfg = Release|Any CPU
		{33861A54-99CC-40D1-B4D0-3C8A3A8CF45A}.Release|Any CPU.Build.0 = Release|Any CPU
	EndGlobalSection
	GlobalSection(SolutionProperties) = preSolution
		HideSolutionNode = FALSE
	EndGlobalSection
	GlobalSection(ExtensibilityGlobals) = postSolution
		SolutionGuid = {D00FD726-735C-4C55-9E57-8ADE1477912D}
	EndGlobalSection
EndGlobal
