Microsoft Visual Studio Solution File, Format Version 12.00
# Visual Studio Version 17
VisualStudioVersion = 17.5.2.0
MinimumVisualStudioVersion = 10.0.40219.1
Project("{2150E333-8FDC-42A3-9474-1A3956D46DE8}") = "tools", "tools", "{07C2787E-EAC7-C090-1BA3-A61EC2A24D84}"
EndProject
Project("{FAE04EC0-301F-11D3-BF4B-00C04F79EFBC}") = "CreditsTool", "tools\CreditsTool\CreditsTool.csproj", "{9CA41DA9-835E-8EF9-657B-2FA2B7A9FC2C}"
EndProject
Project("{2150E333-8FDC-42A3-9474-1A3956D46DE8}") = "MapAtmosFixer", "MapAtmosFixer", "{AA4223A6-55E7-38EA-FC1F-4F206D1AE755}"
EndProject
Project("{FAE04EC0-301F-11D3-BF4B-00C04F79EFBC}") = "MapAtmosFixer", "tools\MapAtmosFixer\MapAtmosFixer\MapAtmosFixer.csproj", "{01F6090C-7BAD-E66C-38BC-07373F5B5038}"
EndProject
Project("{2150E333-8FDC-42A3-9474-1A3956D46DE8}") = "UnstandardnessTestForDM", "UnstandardnessTestForDM", "{4FE1D6CB-439B-1D6B-C3BD-416E24FE2625}"
EndProject
Project("{FAE04EC0-301F-11D3-BF4B-00C04F79EFBC}") = "UnstandardnessTestForDM", "tools\UnstandardnessTestForDM\UnstandardnessTestForDM\UnstandardnessTestForDM.csproj", "{88233D4C-A926-4865-C316-E032C84FAC5E}"
EndProject
Global
	GlobalSection(SolutionConfigurationPlatforms) = preSolution
		Debug|Any CPU = Debug|Any CPU
		Release|Any CPU = Release|Any CPU
	EndGlobalSection
	GlobalSection(ProjectConfigurationPlatforms) = postSolution
		{9CA41DA9-835E-8EF9-657B-2FA2B7A9FC2C}.Debug|Any CPU.ActiveCfg = Debug|Any CPU
		{9CA41DA9-835E-8EF9-657B-2FA2B7A9FC2C}.Debug|Any CPU.Build.0 = Debug|Any CPU
		{9CA41DA9-835E-8EF9-657B-2FA2B7A9FC2C}.Release|Any CPU.ActiveCfg = Release|Any CPU
		{9CA41DA9-835E-8EF9-657B-2FA2B7A9FC2C}.Release|Any CPU.Build.0 = Release|Any CPU
		{01F6090C-7BAD-E66C-38BC-07373F5B5038}.Debug|Any CPU.ActiveCfg = Debug|Any CPU
		{01F6090C-7BAD-E66C-38BC-07373F5B5038}.Debug|Any CPU.Build.0 = Debug|Any CPU
		{01F6090C-7BAD-E66C-38BC-07373F5B5038}.Release|Any CPU.ActiveCfg = Release|Any CPU
		{01F6090C-7BAD-E66C-38BC-07373F5B5038}.Release|Any CPU.Build.0 = Release|Any CPU
		{88233D4C-A926-4865-C316-E032C84FAC5E}.Debug|Any CPU.ActiveCfg = Debug|Any CPU
		{88233D4C-A926-4865-C316-E032C84FAC5E}.Debug|Any CPU.Build.0 = Debug|Any CPU
		{88233D4C-A926-4865-C316-E032C84FAC5E}.Release|Any CPU.ActiveCfg = Release|Any CPU
		{88233D4C-A926-4865-C316-E032C84FAC5E}.Release|Any CPU.Build.0 = Release|Any CPU
	EndGlobalSection
	GlobalSection(SolutionProperties) = preSolution
		HideSolutionNode = FALSE
	EndGlobalSection
	GlobalSection(NestedProjects) = preSolution
		{9CA41DA9-835E-8EF9-657B-2FA2B7A9FC2C} = {07C2787E-EAC7-C090-1BA3-A61EC2A24D84}
		{AA4223A6-55E7-38EA-FC1F-4F206D1AE755} = {07C2787E-EAC7-C090-1BA3-A61EC2A24D84}
		{01F6090C-7BAD-E66C-38BC-07373F5B5038} = {AA4223A6-55E7-38EA-FC1F-4F206D1AE755}
		{4FE1D6CB-439B-1D6B-C3BD-416E24FE2625} = {07C2787E-EAC7-C090-1BA3-A61EC2A24D84}
		{88233D4C-A926-4865-C316-E032C84FAC5E} = {4FE1D6CB-439B-1D6B-C3BD-416E24FE2625}
	EndGlobalSection
	GlobalSection(ExtensibilityGlobals) = postSolution
		SolutionGuid = {381139B3-7FBB-472B-A19F-FA573A9AC12B}
	EndGlobalSection
EndGlobal
