{
	"name": "autowiki",
	"version": "1.0.0",
	"lockfileVersion": 2,
	"requires": true,
	"packages": {
		"": {
			"name": "autowiki",
			"version": "1.0.0",
			"dependencies": {
				"mwbot": "^2.3.3"
			}
		},
		"node_modules/aggregate-error": {
			"version": "3.1.0",
			"resolved": "https://registry.npmjs.org/aggregate-error/-/aggregate-error-3.1.0.tgz",
			"integrity": "sha512-4I7Td01quW/RpocfNayFdFVk1qSuoh0E7JrbRJ16nH01HhKFQ88INq9Sd+nd72zqRySlr9BmDA8xlEJ6vJMrYA==",
			"dependencies": {
				"clean-stack": "^2.0.0",
				"indent-string": "^4.0.0"
			},
			"engines": {
				"node": ">=8"
			}
		},
		"node_modules/ansi-styles": {
			"version": "4.3.0",
			"resolved": "https://registry.npmjs.org/ansi-styles/-/ansi-styles-4.3.0.tgz",
			"integrity": "sha512-zbB9rCJAT1rbjiVDb2hqKFHNYLxgtk8NURxZ3IZwD3F6NtxbXZQCnnSi1Lkx+IDohdPlFp222wVALIheZJQSEg==",
			"dependencies": {
				"color-convert": "^2.0.1"
			},
			"engines": {
				"node": ">=8"
			},
			"funding": {
				"url": "https://github.com/chalk/ansi-styles?sponsor=1"
			}
		},
		"node_modules/chalk": {
			"version": "4.1.2",
			"resolved": "https://registry.npmjs.org/chalk/-/chalk-4.1.2.tgz",
			"integrity": "sha512-oKnbhFyRIXpUuez8iBMmyEa4nbj4IOQyuhc/wy9kY7/WVPcwIO9VA668Pu8RkO7+0G76SLROeyw9CpQ061i4mA==",
			"dependencies": {
				"ansi-styles": "^4.1.0",
				"supports-color": "^7.1.0"
			},
			"engines": {
				"node": ">=10"
			},
			"funding": {
				"url": "https://github.com/chalk/chalk?sponsor=1"
			}
		},
		"node_modules/clean-stack": {
			"version": "2.2.0",
			"resolved": "https://registry.npmjs.org/clean-stack/-/clean-stack-2.2.0.tgz",
			"integrity": "sha512-4diC9HaTE+KRAMWhDhrGOECgWZxoevMc5TlkObMqNSsVU62PYzXZ/SMTjzyGAFF1YusgxGcSWTEXBhp0CPwQ1A==",
			"engines": {
				"node": ">=6"
			}
		},
		"node_modules/color-convert": {
			"version": "2.0.1",
			"resolved": "https://registry.npmjs.org/color-convert/-/color-convert-2.0.1.tgz",
			"integrity": "sha512-RRECPsj7iu/xb5oKYcsFHSppFNnsj/52OVTRKb4zP5onXwVF3zVmmToNcOfGC+CRDpfK/U584fMg38ZHCaElKQ==",
			"dependencies": {
				"color-name": "~1.1.4"
			},
			"engines": {
				"node": ">=7.0.0"
			}
		},
		"node_modules/color-name": {
			"version": "1.1.4",
			"resolved": "https://registry.npmjs.org/color-name/-/color-name-1.1.4.tgz",
			"integrity": "sha512-dOy+3AuW3a2wNbZHIuMZpTcgjGuLU/uBL/ubcZF9OXbDo8ff4O8yVp5Bf0efS8uEoYo5q4Fx7dY9OgQGXgAsQA=="
		},
		"node_modules/colors": {
			"version": "1.4.0",
			"resolved": "https://registry.npmjs.org/colors/-/colors-1.4.0.tgz",
			"integrity": "sha512-a+UqTh4kgZg/SlGvfbzDHpgRu7AAQOmmqRHJnxhRZICKFUT91brVhNNt58CMWU9PsBbv3PDCZUHbVxuDiH2mtA==",
			"engines": {
				"node": ">=0.1.90"
			}
		},
		"node_modules/has-flag": {
			"version": "4.0.0",
			"resolved": "https://registry.npmjs.org/has-flag/-/has-flag-4.0.0.tgz",
			"integrity": "sha512-EykJT/Q1KjTWctppgIAgfSO0tKVuZUjhgMr17kqTumMl6Afv3EISleU7qZUzoXDFTAHTDC4NOoG/ZxU3EvlMPQ==",
			"engines": {
				"node": ">=8"
			}
		},
		"node_modules/indent-string": {
			"version": "4.0.0",
			"resolved": "https://registry.npmjs.org/indent-string/-/indent-string-4.0.0.tgz",
			"integrity": "sha512-EdDDZu4A2OyIK7Lr/2zG+w5jmbuk1DVBnEwREQvBzspBJkCEbRa8GxU1lghYcaGJCnRWibjDXlq779X1/y5xwg==",
			"engines": {
				"node": ">=8"
			}
		},
		"node_modules/minimist": {
			"version": "1.2.8",
			"resolved": "https://registry.npmjs.org/minimist/-/minimist-1.2.8.tgz",
			"integrity": "sha512-2yyAR8qBkN3YuheJanUpWC5U3bb5osDywNB8RzDVlDwDHbocAJveqqj1u8+SVD7jkWT4yvsHCpWqqWqAxb0zCA==",
			"funding": {
				"url": "https://github.com/sponsors/ljharb"
			}
		},
		"node_modules/mwbot": {
			"version": "2.3.3",
			"resolved": "https://registry.npmjs.org/mwbot/-/mwbot-2.3.3.tgz",
			"integrity": "sha512-uRrdRk+8TO7NGScYNF2LhjUfBA5e54THukMnw4I1xmJfoJ7X30PtyCTuhBNKIdKbn9U69fotbRlH9H17y5W4Qg==",
			"dependencies": {
				"p-map": "^4.0.0",
				"semlog": "^0.7.0",
				"semver": "^7.3.8",
				"tough-cookie": "^5.1.0"
			},
			"engines": {
				"node": ">=20.0.0"
			}
		},
		"node_modules/p-map": {
			"version": "4.0.0",
			"resolved": "https://registry.npmjs.org/p-map/-/p-map-4.0.0.tgz",
			"integrity": "sha512-/bjOqmgETBYB5BoEeGVea8dmvHb2m9GLy1E9W43yeyfP6QQCZGFNa+XRceJEuDB6zqr+gKpIAmlLebMpykw/MQ==",
			"dependencies": {
				"aggregate-error": "^3.0.0"
			},
			"engines": {
				"node": ">=10"
			},
			"funding": {
				"url": "https://github.com/sponsors/sindresorhus"
			}
		},
		"node_modules/prettyjson": {
			"version": "1.2.5",
			"resolved": "https://registry.npmjs.org/prettyjson/-/prettyjson-1.2.5.tgz",
			"integrity": "sha512-rksPWtoZb2ZpT5OVgtmy0KHVM+Dca3iVwWY9ifwhcexfjebtgjg3wmrUt9PvJ59XIYBcknQeYHD8IAnVlh9lAw==",
			"dependencies": {
				"colors": "1.4.0",
				"minimist": "^1.2.0"
			},
			"bin": {
				"prettyjson": "bin/prettyjson"
			}
		},
		"node_modules/semlog": {
			"version": "0.7.0",
			"resolved": "https://registry.npmjs.org/semlog/-/semlog-0.7.0.tgz",
			"integrity": "sha512-nTT9+xKprnlLQZdIEZ2Kjq/AAmoF9b+KkI6gOU01jGTNFuMhj0NLXtE4TJMKoaVp7Obcd+UtkJICwcUik652Zg==",
			"dependencies": {
				"chalk": "^4.1.2",
				"prettyjson": "^1.2.1"
			},
			"engines": {
				"node": ">=20.0.0"
			}
		},
		"node_modules/semver": {
			"version": "7.6.3",
			"resolved": "https://registry.npmjs.org/semver/-/semver-7.6.3.tgz",
			"integrity": "sha512-oVekP1cKtI+CTDvHWYFUcMtsK/00wmAEfyqKfNdARm8u1wNVhSgaX7A8d4UuIlUI5e84iEwOhs7ZPYRmzU9U6A==",
			"bin": {
				"semver": "bin/semver.js"
			},
			"engines": {
				"node": ">=10"
			}
		},
		"node_modules/supports-color": {
			"version": "7.2.0",
			"resolved": "https://registry.npmjs.org/supports-color/-/supports-color-7.2.0.tgz",
			"integrity": "sha512-qpCAvRl9stuOHveKsn7HncJRvv501qIacKzQlO/+Lwxc9+0q2wLyv4Dfvt80/DPn2pqOBsJdDiogXGR9+OvwRw==",
			"dependencies": {
				"has-flag": "^4.0.0"
			},
			"engines": {
				"node": ">=8"
			}
		},
		"node_modules/tldts": {
			"version": "6.1.86",
			"resolved": "https://registry.npmjs.org/tldts/-/tldts-6.1.86.tgz",
			"integrity": "sha512-WMi/OQ2axVTf/ykqCQgXiIct+mSQDFdH2fkwhPwgEwvJ1kSzZRiinb0zF2Xb8u4+OqPChmyI6MEu4EezNJz+FQ==",
			"dependencies": {
				"tldts-core": "^6.1.86"
			},
			"bin": {
				"tldts": "bin/cli.js"
			}
		},
		"node_modules/tldts-core": {
			"version": "6.1.86",
			"resolved": "https://registry.npmjs.org/tldts-core/-/tldts-core-6.1.86.tgz",
			"integrity": "sha512-Je6p7pkk+KMzMv2XXKmAE3McmolOQFdxkKw0R8EYNr7sELW46JqnNeTX8ybPiQgvg1ymCoF8LXs5fzFaZvJPTA=="
		},
		"node_modules/tough-cookie": {
			"version": "5.1.2",
			"resolved": "https://registry.npmjs.org/tough-cookie/-/tough-cookie-5.1.2.tgz",
			"integrity": "sha512-FVDYdxtnj0G6Qm/DhNPSb8Ju59ULcup3tuJxkFb5K8Bv2pUXILbf0xZWU8PX8Ov19OXljbUyveOFwRMwkXzO+A==",
			"dependencies": {
				"tldts": "^6.1.32"
			},
			"engines": {
				"node": ">=16"
			}
		}
	},
	"dependencies": {
		"aggregate-error": {
			"version": "3.1.0",
			"resolved": "https://registry.npmjs.org/aggregate-error/-/aggregate-error-3.1.0.tgz",
			"integrity": "sha512-4I7Td01quW/RpocfNayFdFVk1qSuoh0E7JrbRJ16nH01HhKFQ88INq9Sd+nd72zqRySlr9BmDA8xlEJ6vJMrYA==",
			"requires": {
				"clean-stack": "^2.0.0",
				"indent-string": "^4.0.0"
			}
		},
		"ansi-styles": {
			"version": "4.3.0",
			"resolved": "https://registry.npmjs.org/ansi-styles/-/ansi-styles-4.3.0.tgz",
			"integrity": "sha512-zbB9rCJAT1rbjiVDb2hqKFHNYLxgtk8NURxZ3IZwD3F6NtxbXZQCnnSi1Lkx+IDohdPlFp222wVALIheZJQSEg==",
			"requires": {
				"color-convert": "^2.0.1"
			}
		},
		"chalk": {
			"version": "4.1.2",
			"resolved": "https://registry.npmjs.org/chalk/-/chalk-4.1.2.tgz",
			"integrity": "sha512-oKnbhFyRIXpUuez8iBMmyEa4nbj4IOQyuhc/wy9kY7/WVPcwIO9VA668Pu8RkO7+0G76SLROeyw9CpQ061i4mA==",
			"requires": {
				"ansi-styles": "^4.1.0",
				"supports-color": "^7.1.0"
			}
		},
		"clean-stack": {
			"version": "2.2.0",
			"resolved": "https://registry.npmjs.org/clean-stack/-/clean-stack-2.2.0.tgz",
			"integrity": "sha512-4diC9HaTE+KRAMWhDhrGOECgWZxoevMc5TlkObMqNSsVU62PYzXZ/SMTjzyGAFF1YusgxGcSWTEXBhp0CPwQ1A=="
		},
		"color-convert": {
			"version": "2.0.1",
			"resolved": "https://registry.npmjs.org/color-convert/-/color-convert-2.0.1.tgz",
			"integrity": "sha512-RRECPsj7iu/xb5oKYcsFHSppFNnsj/52OVTRKb4zP5onXwVF3zVmmToNcOfGC+CRDpfK/U584fMg38ZHCaElKQ==",
			"requires": {
				"color-name": "~1.1.4"
			}
		},
		"color-name": {
			"version": "1.1.4",
			"resolved": "https://registry.npmjs.org/color-name/-/color-name-1.1.4.tgz",
			"integrity": "sha512-dOy+3AuW3a2wNbZHIuMZpTcgjGuLU/uBL/ubcZF9OXbDo8ff4O8yVp5Bf0efS8uEoYo5q4Fx7dY9OgQGXgAsQA=="
		},
		"colors": {
			"version": "1.4.0",
			"resolved": "https://registry.npmjs.org/colors/-/colors-1.4.0.tgz",
			"integrity": "sha512-a+UqTh4kgZg/SlGvfbzDHpgRu7AAQOmmqRHJnxhRZICKFUT91brVhNNt58CMWU9PsBbv3PDCZUHbVxuDiH2mtA=="
		},
		"has-flag": {
			"version": "4.0.0",
			"resolved": "https://registry.npmjs.org/has-flag/-/has-flag-4.0.0.tgz",
			"integrity": "sha512-EykJT/Q1KjTWctppgIAgfSO0tKVuZUjhgMr17kqTumMl6Afv3EISleU7qZUzoXDFTAHTDC4NOoG/ZxU3EvlMPQ=="
		},
		"indent-string": {
			"version": "4.0.0",
			"resolved": "https://registry.npmjs.org/indent-string/-/indent-string-4.0.0.tgz",
			"integrity": "sha512-EdDDZu4A2OyIK7Lr/2zG+w5jmbuk1DVBnEwREQvBzspBJkCEbRa8GxU1lghYcaGJCnRWibjDXlq779X1/y5xwg=="
		},
		"minimist": {
			"version": "1.2.8",
			"resolved": "https://registry.npmjs.org/minimist/-/minimist-1.2.8.tgz",
			"integrity": "sha512-2yyAR8qBkN3YuheJanUpWC5U3bb5osDywNB8RzDVlDwDHbocAJveqqj1u8+SVD7jkWT4yvsHCpWqqWqAxb0zCA=="
		},
		"mwbot": {
			"version": "2.3.3",
			"resolved": "https://registry.npmjs.org/mwbot/-/mwbot-2.3.3.tgz",
			"integrity": "sha512-uRrdRk+8TO7NGScYNF2LhjUfBA5e54THukMnw4I1xmJfoJ7X30PtyCTuhBNKIdKbn9U69fotbRlH9H17y5W4Qg==",
			"requires": {
				"p-map": "^4.0.0",
				"semlog": "^0.7.0",
				"semver": "^7.3.8",
				"tough-cookie": "^5.1.0"
			}
		},
		"p-map": {
			"version": "4.0.0",
			"resolved": "https://registry.npmjs.org/p-map/-/p-map-4.0.0.tgz",
			"integrity": "sha512-/bjOqmgETBYB5BoEeGVea8dmvHb2m9GLy1E9W43yeyfP6QQCZGFNa+XRceJEuDB6zqr+gKpIAmlLebMpykw/MQ==",
			"requires": {
				"aggregate-error": "^3.0.0"
			}
		},
		"prettyjson": {
			"version": "1.2.5",
			"resolved": "https://registry.npmjs.org/prettyjson/-/prettyjson-1.2.5.tgz",
			"integrity": "sha512-rksPWtoZb2ZpT5OVgtmy0KHVM+Dca3iVwWY9ifwhcexfjebtgjg3wmrUt9PvJ59XIYBcknQeYHD8IAnVlh9lAw==",
			"requires": {
				"colors": "1.4.0",
				"minimist": "^1.2.0"
			}
		},
		"semlog": {
			"version": "0.7.0",
			"resolved": "https://registry.npmjs.org/semlog/-/semlog-0.7.0.tgz",
			"integrity": "sha512-nTT9+xKprnlLQZdIEZ2Kjq/AAmoF9b+KkI6gOU01jGTNFuMhj0NLXtE4TJMKoaVp7Obcd+UtkJICwcUik652Zg==",
			"requires": {
				"chalk": "^4.1.2",
				"prettyjson": "^1.2.1"
			}
		},
		"semver": {
			"version": "7.6.3",
			"resolved": "https://registry.npmjs.org/semver/-/semver-7.6.3.tgz",
			"integrity": "sha512-oVekP1cKtI+CTDvHWYFUcMtsK/00wmAEfyqKfNdARm8u1wNVhSgaX7A8d4UuIlUI5e84iEwOhs7ZPYRmzU9U6A=="
		},
		"supports-color": {
			"version": "7.2.0",
			"resolved": "https://registry.npmjs.org/supports-color/-/supports-color-7.2.0.tgz",
			"integrity": "sha512-qpCAvRl9stuOHveKsn7HncJRvv501qIacKzQlO/+Lwxc9+0q2wLyv4Dfvt80/DPn2pqOBsJdDiogXGR9+OvwRw==",
			"requires": {
				"has-flag": "^4.0.0"
			}
		},
		"tldts": {
			"version": "6.1.86",
			"resolved": "https://registry.npmjs.org/tldts/-/tldts-6.1.86.tgz",
			"integrity": "sha512-WMi/OQ2axVTf/ykqCQgXiIct+mSQDFdH2fkwhPwgEwvJ1kSzZRiinb0zF2Xb8u4+OqPChmyI6MEu4EezNJz+FQ==",
			"requires": {
				"tldts-core": "^6.1.86"
			}
		},
		"tldts-core": {
			"version": "6.1.86",
			"resolved": "https://registry.npmjs.org/tldts-core/-/tldts-core-6.1.86.tgz",
			"integrity": "sha512-Je6p7pkk+KMzMv2XXKmAE3McmolOQFdxkKw0R8EYNr7sELW46JqnNeTX8ybPiQgvg1ymCoF8LXs5fzFaZvJPTA=="
		},
		"tough-cookie": {
			"version": "5.1.2",
			"resolved": "https://registry.npmjs.org/tough-cookie/-/tough-cookie-5.1.2.tgz",
			"integrity": "sha512-FVDYdxtnj0G6Qm/DhNPSb8Ju59ULcup3tuJxkFb5K8Bv2pUXILbf0xZWU8PX8Ov19OXljbUyveOFwRMwkXzO+A==",
			"requires": {
				"tldts": "^6.1.32"
			}
		}
	}
}
